
Microsoft Visual Studio Solution File, Format Version 12.00
# Visual Studio Version 16
VisualStudioVersion = 16.0.30114.105
MinimumVisualStudioVersion = 10.0.40219.1
Project("{FAE04EC0-301F-11D3-BF4B-00C04F79EFBC}") = "Kofax.iRemit.Web.WebApp", "Kofax.iRemit.Web.WebApp\Kofax.iRemit.Web.WebApp.csproj", "{C00F91B9-4DDC-41E5-BE9F-F6F0C2C4ABD5}"
EndProject
Project("{FAE04EC0-301F-11D3-BF4B-00C04F79EFBC}") = "Kofax.iRemit.Core", "Kofax.iRemit.Core\Kofax.iRemit.Core.csproj", "{373A9289-F155-49B7-B8CD-14FE1576BD01}"
EndProject
Global
	GlobalSection(SolutionConfigurationPlatforms) = preSolution
		Debug|Any CPU = Debug|Any CPU
		Release|Any CPU = Release|Any CPU
	EndGlobalSection
	GlobalSection(ProjectConfigurationPlatforms) = postSolution
		{C00F91B9-4DDC-41E5-BE9F-F6F0C2C4ABD5}.Debug|Any CPU.ActiveCfg = Debug|Any CPU
		{C00F91B9-4DDC-41E5-BE9F-F6F0C2C4ABD5}.Debug|Any CPU.Build.0 = Debug|Any CPU
		{C00F91B9-4DDC-41E5-BE9F-F6F0C2C4ABD5}.Release|Any CPU.ActiveCfg = Release|Any CPU
		{C00F91B9-4DDC-41E5-BE9F-F6F0C2C4ABD5}.Release|Any CPU.Build.0 = Release|Any CPU
		{373A9289-F155-49B7-B8CD-14FE1576BD01}.Debug|Any CPU.ActiveCfg = Debug|Any CPU
		{373A9289-F155-49B7-B8CD-14FE1576BD01}.Debug|Any CPU.Build.0 = Debug|Any CPU
		{373A9289-F155-49B7-B8CD-14FE1576BD01}.Release|Any CPU.ActiveCfg = Release|Any CPU
		{373A9289-F155-49B7-B8CD-14FE1576BD01}.Release|Any CPU.Build.0 = Release|Any CPU
	EndGlobalSection
	GlobalSection(SolutionProperties) = preSolution
		HideSolutionNode = FALSE
	EndGlobalSection
	GlobalSection(ExtensibilityGlobals) = postSolution
		SolutionGuid = {DDF22274-855C-400E-AD2C-4DE0D52DC75E}
	EndGlobalSection
EndGlobal
